
Microsoft Visual Studio Solution File, Format Version 12.00
# Visual Studio Version 16
VisualStudioVersion = 16.0.30907.101
MinimumVisualStudioVersion = 10.0.40219.1
Project("{FAE04EC0-301F-11D3-BF4B-00C04F79EFBC}") = "testmap", "testmap\testmap.csproj", "{132EF8BD-1F06-4670-B6DF-80ED32AD40E1}"
EndProject
Global
	GlobalSection(SolutionConfigurationPlatforms) = preSolution
		Debug|Any CPU = Debug|Any CPU
		Release|Any CPU = Release|Any CPU
	EndGlobalSection
	GlobalSection(ProjectConfigurationPlatforms) = postSolution
		{132EF8BD-1F06-4670-B6DF-80ED32AD40E1}.Debug|Any CPU.ActiveCfg = Debug|Any CPU
		{132EF8BD-1F06-4670-B6DF-80ED32AD40E1}.Debug|Any CPU.Build.0 = Debug|Any CPU
		{132EF8BD-1F06-4670-B6DF-80ED32AD40E1}.Release|Any CPU.ActiveCfg = Release|Any CPU
		{132EF8BD-1F06-4670-B6DF-80ED32AD40E1}.Release|Any CPU.Build.0 = Release|Any CPU
	EndGlobalSection
	GlobalSection(SolutionProperties) = preSolution
		HideSolutionNode = FALSE
	EndGlobalSection
	GlobalSection(ExtensibilityGlobals) = postSolution
		SolutionGuid = {36E5271C-03CB-491F-8C9A-38DD0307E3F8}
	EndGlobalSection
EndGlobal
